
Microsoft Visual Studio Solution File, Format Version 12.00
# Visual Studio Version 16
VisualStudioVersion = 16.0.30717.126
MinimumVisualStudioVersion = 10.0.40219.1
Project("{2150E333-8FDC-42A3-9474-1A3956D46DE8}") = "1 - Apresentacao", "1 - Apresentacao", "{21E56076-F34D-46B4-9DC4-CC62E79C25A8}"
EndProject
Project("{2150E333-8FDC-42A3-9474-1A3956D46DE8}") = "2 - Aplicacao", "2 - Aplicacao", "{4AE531F1-444E-43E3-BB9C-7282A8E5A3CC}"
EndProject
Project("{2150E333-8FDC-42A3-9474-1A3956D46DE8}") = "3 - Dominio", "3 - Dominio", "{D54CB2EF-1CAB-4553-AF7F-9657F400F7DE}"
EndProject
Project("{2150E333-8FDC-42A3-9474-1A3956D46DE8}") = "4 - Infra", "4 - Infra", "{F6A176DE-F6DB-413E-B1FF-DAFE06FB3E77}"
EndProject
Project("{2150E333-8FDC-42A3-9474-1A3956D46DE8}") = "5 - Entidades", "5 - Entidades", "{099D409E-1D51-4578-903B-047BCFDE0A32}"
EndProject
Project("{9A19103F-16F7-4668-BE54-9A1E7A4F7556}") = "Entidades", "Entidades\Entidades.csproj", "{D5C38864-A1AF-4B92-BA80-932710A6127A}"
EndProject
Project("{9A19103F-16F7-4668-BE54-9A1E7A4F7556}") = "InfraEstrutura", "InfraEstrutura\InfraEstrutura.csproj", "{13FD1263-1131-4DC3-9A15-D4DB79E7A2E6}"
EndProject
Project("{9A19103F-16F7-4668-BE54-9A1E7A4F7556}") = "Dominio", "Dominio\Dominio.csproj", "{301F6E7A-29EC-492D-9BC2-D9605B9A611D}"
EndProject
Project("{9A19103F-16F7-4668-BE54-9A1E7A4F7556}") = "AplicacaoApp", "AplicacaoApp\AplicacaoApp.csproj", "{DC8D08B0-7DB8-465B-A806-2CC0F002C0A8}"
EndProject
Project("{FAE04EC0-301F-11D3-BF4B-00C04F79EFBC}") = "Web_LojaVirtualVendaQuadrinho", "Web_LojaVirtualVendaQuadrinho\Web_LojaVirtualVendaQuadrinho.csproj", "{6084A62D-A7B3-4BA0-B069-91F7185C2D18}"
EndProject
Global
	GlobalSection(SolutionConfigurationPlatforms) = preSolution
		Debug|Any CPU = Debug|Any CPU
		Release|Any CPU = Release|Any CPU
	EndGlobalSection
	GlobalSection(ProjectConfigurationPlatforms) = postSolution
		{D5C38864-A1AF-4B92-BA80-932710A6127A}.Debug|Any CPU.ActiveCfg = Debug|Any CPU
		{D5C38864-A1AF-4B92-BA80-932710A6127A}.Debug|Any CPU.Build.0 = Debug|Any CPU
		{D5C38864-A1AF-4B92-BA80-932710A6127A}.Release|Any CPU.ActiveCfg = Release|Any CPU
		{D5C38864-A1AF-4B92-BA80-932710A6127A}.Release|Any CPU.Build.0 = Release|Any CPU
		{13FD1263-1131-4DC3-9A15-D4DB79E7A2E6}.Debug|Any CPU.ActiveCfg = Debug|Any CPU
		{13FD1263-1131-4DC3-9A15-D4DB79E7A2E6}.Debug|Any CPU.Build.0 = Debug|Any CPU
		{13FD1263-1131-4DC3-9A15-D4DB79E7A2E6}.Release|Any CPU.ActiveCfg = Release|Any CPU
		{13FD1263-1131-4DC3-9A15-D4DB79E7A2E6}.Release|Any CPU.Build.0 = Release|Any CPU
		{301F6E7A-29EC-492D-9BC2-D9605B9A611D}.Debug|Any CPU.ActiveCfg = Debug|Any CPU
		{301F6E7A-29EC-492D-9BC2-D9605B9A611D}.Debug|Any CPU.Build.0 = Debug|Any CPU
		{301F6E7A-29EC-492D-9BC2-D9605B9A611D}.Release|Any CPU.ActiveCfg = Release|Any CPU
		{301F6E7A-29EC-492D-9BC2-D9605B9A611D}.Release|Any CPU.Build.0 = Release|Any CPU
		{DC8D08B0-7DB8-465B-A806-2CC0F002C0A8}.Debug|Any CPU.ActiveCfg = Debug|Any CPU
		{DC8D08B0-7DB8-465B-A806-2CC0F002C0A8}.Debug|Any CPU.Build.0 = Debug|Any CPU
		{DC8D08B0-7DB8-465B-A806-2CC0F002C0A8}.Release|Any CPU.ActiveCfg = Release|Any CPU
		{DC8D08B0-7DB8-465B-A806-2CC0F002C0A8}.Release|Any CPU.Build.0 = Release|Any CPU
		{6084A62D-A7B3-4BA0-B069-91F7185C2D18}.Debug|Any CPU.ActiveCfg = Debug|Any CPU
		{6084A62D-A7B3-4BA0-B069-91F7185C2D18}.Debug|Any CPU.Build.0 = Debug|Any CPU
		{6084A62D-A7B3-4BA0-B069-91F7185C2D18}.Release|Any CPU.ActiveCfg = Release|Any CPU
		{6084A62D-A7B3-4BA0-B069-91F7185C2D18}.Release|Any CPU.Build.0 = Release|Any CPU
	EndGlobalSection
	GlobalSection(SolutionProperties) = preSolution
		HideSolutionNode = FALSE
	EndGlobalSection
	GlobalSection(NestedProjects) = preSolution
		{D5C38864-A1AF-4B92-BA80-932710A6127A} = {099D409E-1D51-4578-903B-047BCFDE0A32}
		{13FD1263-1131-4DC3-9A15-D4DB79E7A2E6} = {F6A176DE-F6DB-413E-B1FF-DAFE06FB3E77}
		{301F6E7A-29EC-492D-9BC2-D9605B9A611D} = {D54CB2EF-1CAB-4553-AF7F-9657F400F7DE}
		{DC8D08B0-7DB8-465B-A806-2CC0F002C0A8} = {4AE531F1-444E-43E3-BB9C-7282A8E5A3CC}
		{6084A62D-A7B3-4BA0-B069-91F7185C2D18} = {21E56076-F34D-46B4-9DC4-CC62E79C25A8}
	EndGlobalSection
	GlobalSection(ExtensibilityGlobals) = postSolution
		SolutionGuid = {B0ED4713-CAE7-42C0-8213-797F02AB443F}
	EndGlobalSection
EndGlobal
